github.com/go-chi/chi/v5 v5.3.0 h1:halUjDxhshgXHMrao5bB8eNBXo/rnzwr8m5m36glehM=
github.com/go-chi/chi/v5 v5.3.0/go.mod h1:R+tYY2hNuVUUjxoPtqUdgBqevM9s9njzkTLutVsOCto=
github.com/google/uuid v1.6.0 h1:NIvaJDMOsjHA8n1jAhLSgzrAzy1Hgr+hNrb57e+94F0=
github.com/google/uuid v1.6.0/go.mod h1:TIyPZe4MgqvfeYDBFedMoGGpEw/LqOeaOT+nhxU+yHo=
github.com/rabbitmq/amqp091-go v1.15.0 h1:LEQL4/yp48/Wigt6A6XOu18RQRo8ZHtB5I/KZJn+gkw=
github.com/rabbitmq/amqp091-go v1.15.0/go.mod h1:Hy4jKW5kQART1u+JkDTF9YYOQUHXqMuhrgxOEeS7G4o=
github.com/xaleel/maniflex v0.15.0 h1:dNXd649ZXOUiuxEBnrGtFXOxKT0UwgrrRQVdJzpyUqM=
github.com/xaleel/maniflex v0.15.0/go.mod h1:jXddnFYN59dsOgxrJDDb6S1mwISy56RA7ogP5H5Ihh4=
go.uber.org/goleak v1.3.0 h1:2K3zAYmnTNqV73imy9J1T3WC+gmCePx2hEGkimedGto=
go.uber.org/goleak v1.3.0/go.mod h1:CoHD4mav9JJNrW/WLlf7HGZPjdw8EucARQHekz1X6bE=
